
Microsoft Visual Studio Solution File, Format Version 12.00
# Visual Studio 15
VisualStudioVersion = 15.0.28307.539
MinimumVisualStudioVersion = 10.0.40219.1
Project("{FAE04EC0-301F-11D3-BF4B-00C04F79EFBC}") = "AdaptiveCardsDemo.Android", "AdaptiveCardsDemo\Android\AdaptiveCardsDemo.Android.csproj", "{614A72C7-F2F6-4756-A6A8-FAD171678531}"
EndProject
Project("{FAE04EC0-301F-11D3-BF4B-00C04F79EFBC}") = "AdaptiveCardsDemo.iOS", "AdaptiveCardsDemo\iOS\AdaptiveCardsDemo.iOS.csproj", "{6CE78415-943A-44FE-887F-4EBC0564157F}"
EndProject
Project("{FAE04EC0-301F-11D3-BF4B-00C04F79EFBC}") = "AdaptiveCardsDemo.UWP", "AdaptiveCardsDemo\UWP\AdaptiveCardsDemo.UWP.csproj", "{7889AAF0-759C-4565-BE0D-8D9872E0DDBB}"
EndProject
Project("{FAE04EC0-301F-11D3-BF4B-00C04F79EFBC}") = "AdaptiveCardsDemo.Portable", "AdaptiveCardsDemo\Portable\AdaptiveCardsDemo.Portable.csproj", "{D31A29A5-430B-419E-A923-1893A1852676}"
EndProject
Global
	GlobalSection(SolutionConfigurationPlatforms) = preSolution
		Ad-Hoc|Any CPU = Ad-Hoc|Any CPU
		Ad-Hoc|ARM = Ad-Hoc|ARM
		Ad-Hoc|iPhone = Ad-Hoc|iPhone
		Ad-Hoc|iPhoneSimulator = Ad-Hoc|iPhoneSimulator
		Ad-Hoc|x64 = Ad-Hoc|x64
		Ad-Hoc|x86 = Ad-Hoc|x86
		AppStore|Any CPU = AppStore|Any CPU
		AppStore|ARM = AppStore|ARM
		AppStore|iPhone = AppStore|iPhone
		AppStore|iPhoneSimulator = AppStore|iPhoneSimulator
		AppStore|x64 = AppStore|x64
		AppStore|x86 = AppStore|x86
		Debug|Any CPU = Debug|Any CPU
		Debug|ARM = Debug|ARM
		Debug|iPhone = Debug|iPhone
		Debug|iPhoneSimulator = Debug|iPhoneSimulator
		Debug|x64 = Debug|x64
		Debug|x86 = Debug|x86
		Release|Any CPU = Release|Any CPU
		Release|ARM = Release|ARM
		Release|iPhone = Release|iPhone
		Release|iPhoneSimulator = Release|iPhoneSimulator
		Release|x64 = Release|x64
		Release|x86 = Release|x86
	EndGlobalSection
	GlobalSection(ProjectConfigurationPlatforms) = postSolution
		{614A72C7-F2F6-4756-A6A8-FAD171678531}.Ad-Hoc|Any CPU.ActiveCfg = Release|Any CPU
		{614A72C7-F2F6-4756-A6A8-FAD171678531}.Ad-Hoc|Any CPU.Build.0 = Release|Any CPU
		{614A72C7-F2F6-4756-A6A8-FAD171678531}.Ad-Hoc|Any CPU.Deploy.0 = Release|Any CPU
		{614A72C7-F2F6-4756-A6A8-FAD171678531}.Ad-Hoc|ARM.ActiveCfg = Release|Any CPU
		{614A72C7-F2F6-4756-A6A8-FAD171678531}.Ad-Hoc|ARM.Build.0 = Release|Any CPU
		{614A72C7-F2F6-4756-A6A8-FAD171678531}.Ad-Hoc|ARM.Deploy.0 = Release|Any CPU
		{614A72C7-F2F6-4756-A6A8-FAD171678531}.Ad-Hoc|iPhone.ActiveCfg = Release|Any CPU
		{614A72C7-F2F6-4756-A6A8-FAD171678531}.Ad-Hoc|iPhone.Build.0 = Release|Any CPU
		{614A72C7-F2F6-4756-A6A8-FAD171678531}.Ad-Hoc|iPhone.Deploy.0 = Release|Any CPU
		{614A72C7-F2F6-4756-A6A8-FAD171678531}.Ad-Hoc|iPhoneSimulator.ActiveCfg = Release|Any CPU
		{614A72C7-F2F6-4756-A6A8-FAD171678531}.Ad-Hoc|iPhoneSimulator.Build.0 = Release|Any CPU
		{614A72C7-F2F6-4756-A6A8-FAD171678531}.Ad-Hoc|iPhoneSimulator.Deploy.0 = Release|Any CPU
		{614A72C7-F2F6-4756-A6A8-FAD171678531}.Ad-Hoc|x64.ActiveCfg = Release|Any CPU
		{614A72C7-F2F6-4756-A6A8-FAD171678531}.Ad-Hoc|x64.Build.0 = Release|Any CPU
		{614A72C7-F2F6-4756-A6A8-FAD171678531}.Ad-Hoc|x64.Deploy.0 = Release|Any CPU
		{614A72C7-F2F6-4756-A6A8-FAD171678531}.Ad-Hoc|x86.ActiveCfg = Release|Any CPU
		{614A72C7-F2F6-4756-A6A8-FAD171678531}.Ad-Hoc|x86.Build.0 = Release|Any CPU
		{614A72C7-F2F6-4756-A6A8-FAD171678531}.Ad-Hoc|x86.Deploy.0 = Release|Any CPU
		{614A72C7-F2F6-4756-A6A8-FAD171678531}.AppStore|Any CPU.ActiveCfg = Release|Any CPU
		{614A72C7-F2F6-4756-A6A8-FAD171678531}.AppStore|Any CPU.Build.0 = Release|Any CPU
		{614A72C7-F2F6-4756-A6A8-FAD171678531}.AppStore|Any CPU.Deploy.0 = Release|Any CPU
		{614A72C7-F2F6-4756-A6A8-FAD171678531}.AppStore|ARM.ActiveCfg = Release|Any CPU
		{614A72C7-F2F6-4756-A6A8-FAD171678531}.AppStore|ARM.Build.0 = Release|Any CPU
		{614A72C7-F2F6-4756-A6A8-FAD171678531}.AppStore|ARM.Deploy.0 = Release|Any CPU
		{614A72C7-F2F6-4756-A6A8-FAD171678531}.AppStore|iPhone.ActiveCfg = Release|Any CPU
		{614A72C7-F2F6-4756-A6A8-FAD171678531}.AppStore|iPhone.Build.0 = Release|Any CPU
		{614A72C7-F2F6-4756-A6A8-FAD171678531}.AppStore|iPhone.Deploy.0 = Release|Any CPU
		{614A72C7-F2F6-4756-A6A8-FAD171678531}.AppStore|iPhoneSimulator.ActiveCfg = Release|Any CPU
		{614A72C7-F2F6-4756-A6A8-FAD171678531}.AppStore|iPhoneSimulator.Build.0 = Release|Any CPU
		{614A72C7-F2F6-4756-A6A8-FAD171678531}.AppStore|iPhoneSimulator.Deploy.0 = Release|Any CPU
		{614A72C7-F2F6-4756-A6A8-FAD171678531}.AppStore|x64.ActiveCfg = Release|Any CPU
		{614A72C7-F2F6-4756-A6A8-FAD171678531}.AppStore|x64.Build.0 = Release|Any CPU
		{614A72C7-F2F6-4756-A6A8-FAD171678531}.AppStore|x64.Deploy.0 = Release|Any CPU
		{614A72C7-F2F6-4756-A6A8-FAD171678531}.AppStore|x86.ActiveCfg = Release|Any CPU
		{614A72C7-F2F6-4756-A6A8-FAD171678531}.AppStore|x86.Build.0 = Release|Any CPU
		{614A72C7-F2F6-4756-A6A8-FAD171678531}.AppStore|x86.Deploy.0 = Release|Any CPU
		{614A72C7-F2F6-4756-A6A8-FAD171678531}.Debug|Any CPU.ActiveCfg = Debug|Any CPU
		{614A72C7-F2F6-4756-A6A8-FAD171678531}.Debug|Any CPU.Build.0 = Debug|Any CPU
		{614A72C7-F2F6-4756-A6A8-FAD171678531}.Debug|Any CPU.Deploy.0 = Debug|Any CPU
		{614A72C7-F2F6-4756-A6A8-FAD171678531}.Debug|ARM.ActiveCfg = Debug|Any CPU
		{614A72C7-F2F6-4756-A6A8-FAD171678531}.Debug|ARM.Build.0 = Debug|Any CPU
		{614A72C7-F2F6-4756-A6A8-FAD171678531}.Debug|ARM.Deploy.0 = Debug|Any CPU
		{614A72C7-F2F6-4756-A6A8-FAD171678531}.Debug|iPhone.ActiveCfg = Debug|Any CPU
		{614A72C7-F2F6-4756-A6A8-FAD171678531}.Debug|iPhone.Build.0 = Debug|Any CPU
		{614A72C7-F2F6-4756-A6A8-FAD171678531}.Debug|iPhone.Deploy.0 = Debug|Any CPU
		{614A72C7-F2F6-4756-A6A8-FAD171678531}.Debug|iPhoneSimulator.ActiveCfg = Debug|Any CPU
		{614A72C7-F2F6-4756-A6A8-FAD171678531}.Debug|iPhoneSimulator.Build.0 = Debug|Any CPU
		{614A72C7-F2F6-4756-A6A8-FAD171678531}.Debug|iPhoneSimulator.Deploy.0 = Debug|Any CPU
		{614A72C7-F2F6-4756-A6A8-FAD171678531}.Debug|x64.ActiveCfg = Debug|Any CPU
		{614A72C7-F2F6-4756-A6A8-FAD171678531}.Debug|x64.Build.0 = Debug|Any CPU
		{614A72C7-F2F6-4756-A6A8-FAD171678531}.Debug|x64.Deploy.0 = Debug|Any CPU
		{614A72C7-F2F6-4756-A6A8-FAD171678531}.Debug|x86.ActiveCfg = Debug|Any CPU
		{614A72C7-F2F6-4756-A6A8-FAD171678531}.Debug|x86.Build.0 = Debug|Any CPU
		{614A72C7-F2F6-4756-A6A8-FAD171678531}.Debug|x86.Deploy.0 = Debug|Any CPU
		{614A72C7-F2F6-4756-A6A8-FAD171678531}.Release|Any CPU.ActiveCfg = Release|Any CPU
		{614A72C7-F2F6-4756-A6A8-FAD171678531}.Release|Any CPU.Build.0 = Release|Any CPU
		{614A72C7-F2F6-4756-A6A8-FAD171678531}.Release|Any CPU.Deploy.0 = Release|Any CPU
		{614A72C7-F2F6-4756-A6A8-FAD171678531}.Release|ARM.ActiveCfg = Release|Any CPU
		{614A72C7-F2F6-4756-A6A8-FAD171678531}.Release|ARM.Build.0 = Release|Any CPU
		{614A72C7-F2F6-4756-A6A8-FAD171678531}.Release|ARM.Deploy.0 = Release|Any CPU
		{614A72C7-F2F6-4756-A6A8-FAD171678531}.Release|iPhone.ActiveCfg = Release|Any CPU
		{614A72C7-F2F6-4756-A6A8-FAD171678531}.Release|iPhone.Build.0 = Release|Any CPU
		{614A72C7-F2F6-4756-A6A8-FAD171678531}.Release|iPhone.Deploy.0 = Release|Any CPU
		{614A72C7-F2F6-4756-A6A8-FAD171678531}.Release|iPhoneSimulator.ActiveCfg = Release|Any CPU
		{614A72C7-F2F6-4756-A6A8-FAD171678531}.Release|iPhoneSimulator.Build.0 = Release|Any CPU
		{614A72C7-F2F6-4756-A6A8-FAD171678531}.Release|iPhoneSimulator.Deploy.0 = Release|Any CPU
		{614A72C7-F2F6-4756-A6A8-FAD171678531}.Release|x64.ActiveCfg = Release|Any CPU
		{614A72C7-F2F6-4756-A6A8-FAD171678531}.Release|x64.Build.0 = Release|Any CPU
		{614A72C7-F2F6-4756-A6A8-FAD171678531}.Release|x64.Deploy.0 = Release|Any CPU
		{614A72C7-F2F6-4756-A6A8-FAD171678531}.Release|x86.ActiveCfg = Release|Any CPU
		{614A72C7-F2F6-4756-A6A8-FAD171678531}.Release|x86.Build.0 = Release|Any CPU
		{614A72C7-F2F6-4756-A6A8-FAD171678531}.Release|x86.Deploy.0 = Release|Any CPU
		{6CE78415-943A-44FE-887F-4EBC0564157F}.Ad-Hoc|Any CPU.ActiveCfg = Ad-Hoc|iPhone
		{6CE78415-943A-44FE-887F-4EBC0564157F}.Ad-Hoc|ARM.ActiveCfg = Ad-Hoc|iPhone
		{6CE78415-943A-44FE-887F-4EBC0564157F}.Ad-Hoc|iPhone.ActiveCfg = Ad-Hoc|iPhone
		{6CE78415-943A-44FE-887F-4EBC0564157F}.Ad-Hoc|iPhone.Build.0 = Ad-Hoc|iPhone
		{6CE78415-943A-44FE-887F-4EBC0564157F}.Ad-Hoc|iPhoneSimulator.ActiveCfg = Ad-Hoc|iPhoneSimulator
		{6CE78415-943A-44FE-887F-4EBC0564157F}.Ad-Hoc|iPhoneSimulator.Build.0 = Ad-Hoc|iPhoneSimulator
		{6CE78415-943A-44FE-887F-4EBC0564157F}.Ad-Hoc|x64.ActiveCfg = Ad-Hoc|iPhone
		{6CE78415-943A-44FE-887F-4EBC0564157F}.Ad-Hoc|x86.ActiveCfg = Ad-Hoc|iPhone
		{6CE78415-943A-44FE-887F-4EBC0564157F}.AppStore|Any CPU.ActiveCfg = AppStore|iPhone
		{6CE78415-943A-44FE-887F-4EBC0564157F}.AppStore|ARM.ActiveCfg = AppStore|iPhone
		{6CE78415-943A-44FE-887F-4EBC0564157F}.AppStore|iPhone.ActiveCfg = AppStore|iPhone
		{6CE78415-943A-44FE-887F-4EBC0564157F}.AppStore|iPhone.Build.0 = AppStore|iPhone
		{6CE78415-943A-44FE-887F-4EBC0564157F}.AppStore|iPhoneSimulator.ActiveCfg = AppStore|iPhoneSimulator
		{6CE78415-943A-44FE-887F-4EBC0564157F}.AppStore|iPhoneSimulator.Build.0 = AppStore|iPhoneSimulator
		{6CE78415-943A-44FE-887F-4EBC0564157F}.AppStore|x64.ActiveCfg = AppStore|iPhone
		{6CE78415-943A-44FE-887F-4EBC0564157F}.AppStore|x86.ActiveCfg = AppStore|iPhone
		{6CE78415-943A-44FE-887F-4EBC0564157F}.Debug|Any CPU.ActiveCfg = Debug|iPhone
		{6CE78415-943A-44FE-887F-4EBC0564157F}.Debug|ARM.ActiveCfg = Debug|iPhone
		{6CE78415-943A-44FE-887F-4EBC0564157F}.Debug|iPhone.ActiveCfg = Debug|iPhone
		{6CE78415-943A-44FE-887F-4EBC0564157F}.Debug|iPhone.Build.0 = Debug|iPhone
		{6CE78415-943A-44FE-887F-4EBC0564157F}.Debug|iPhoneSimulator.ActiveCfg = Debug|iPhoneSimulator
		{6CE78415-943A-44FE-887F-4EBC0564157F}.Debug|iPhoneSimulator.Build.0 = Debug|iPhoneSimulator
		{6CE78415-943A-44FE-887F-4EBC0564157F}.Debug|x64.ActiveCfg = Debug|iPhone
		{6CE78415-943A-44FE-887F-4EBC0564157F}.Debug|x86.ActiveCfg = Debug|iPhone
		{6CE78415-943A-44FE-887F-4EBC0564157F}.Release|Any CPU.ActiveCfg = Release|iPhone
		{6CE78415-943A-44FE-887F-4EBC0564157F}.Release|ARM.ActiveCfg = Release|iPhone
		{6CE78415-943A-44FE-887F-4EBC0564157F}.Release|iPhone.ActiveCfg = Release|iPhone
		{6CE78415-943A-44FE-887F-4EBC0564157F}.Release|iPhone.Build.0 = Release|iPhone
		{6CE78415-943A-44FE-887F-4EBC0564157F}.Release|iPhoneSimulator.ActiveCfg = Release|iPhoneSimulator
		{6CE78415-943A-44FE-887F-4EBC0564157F}.Release|iPhoneSimulator.Build.0 = Release|iPhoneSimulator
		{6CE78415-943A-44FE-887F-4EBC0564157F}.Release|x64.ActiveCfg = Release|iPhone
		{6CE78415-943A-44FE-887F-4EBC0564157F}.Release|x86.ActiveCfg = Release|iPhone
		{7889AAF0-759C-4565-BE0D-8D9872E0DDBB}.Ad-Hoc|Any CPU.ActiveCfg = Release|x86
		{7889AAF0-759C-4565-BE0D-8D9872E0DDBB}.Ad-Hoc|Any CPU.Build.0 = Release|x86
		{7889AAF0-759C-4565-BE0D-8D9872E0DDBB}.Ad-Hoc|Any CPU.Deploy.0 = Release|x86
		{7889AAF0-759C-4565-BE0D-8D9872E0DDBB}.Ad-Hoc|ARM.ActiveCfg = Release|ARM
		{7889AAF0-759C-4565-BE0D-8D9872E0DDBB}.Ad-Hoc|ARM.Build.0 = Release|ARM
		{7889AAF0-759C-4565-BE0D-8D9872E0DDBB}.Ad-Hoc|ARM.Deploy.0 = Release|ARM
		{7889AAF0-759C-4565-BE0D-8D9872E0DDBB}.Ad-Hoc|iPhone.ActiveCfg = Release|x86
		{7889AAF0-759C-4565-BE0D-8D9872E0DDBB}.Ad-Hoc|iPhone.Build.0 = Release|x86
		{7889AAF0-759C-4565-BE0D-8D9872E0DDBB}.Ad-Hoc|iPhone.Deploy.0 = Release|x86
		{7889AAF0-759C-4565-BE0D-8D9872E0DDBB}.Ad-Hoc|iPhoneSimulator.ActiveCfg = Release|x86
		{7889AAF0-759C-4565-BE0D-8D9872E0DDBB}.Ad-Hoc|iPhoneSimulator.Build.0 = Release|x86
		{7889AAF0-759C-4565-BE0D-8D9872E0DDBB}.Ad-Hoc|iPhoneSimulator.Deploy.0 = Release|x86
		{7889AAF0-759C-4565-BE0D-8D9872E0DDBB}.Ad-Hoc|x64.ActiveCfg = Release|x64
		{7889AAF0-759C-4565-BE0D-8D9872E0DDBB}.Ad-Hoc|x64.Build.0 = Release|x64
		{7889AAF0-759C-4565-BE0D-8D9872E0DDBB}.Ad-Hoc|x64.Deploy.0 = Release|x64
		{7889AAF0-759C-4565-BE0D-8D9872E0DDBB}.Ad-Hoc|x86.ActiveCfg = Release|x86
		{7889AAF0-759C-4565-BE0D-8D9872E0DDBB}.Ad-Hoc|x86.Build.0 = Release|x86
		{7889AAF0-759C-4565-BE0D-8D9872E0DDBB}.Ad-Hoc|x86.Deploy.0 = Release|x86
		{7889AAF0-759C-4565-BE0D-8D9872E0DDBB}.AppStore|Any CPU.ActiveCfg = Release|x86
		{7889AAF0-759C-4565-BE0D-8D9872E0DDBB}.AppStore|Any CPU.Build.0 = Release|x86
		{7889AAF0-759C-4565-BE0D-8D9872E0DDBB}.AppStore|Any CPU.Deploy.0 = Release|x86
		{7889AAF0-759C-4565-BE0D-8D9872E0DDBB}.AppStore|ARM.ActiveCfg = Release|ARM
		{7889AAF0-759C-4565-BE0D-8D9872E0DDBB}.AppStore|ARM.Build.0 = Release|ARM
		{7889AAF0-759C-4565-BE0D-8D9872E0DDBB}.AppStore|ARM.Deploy.0 = Release|ARM
		{7889AAF0-759C-4565-BE0D-8D9872E0DDBB}.AppStore|iPhone.ActiveCfg = Release|x86
		{7889AAF0-759C-4565-BE0D-8D9872E0DDBB}.AppStore|iPhone.Build.0 = Release|x86
		{7889AAF0-759C-4565-BE0D-8D9872E0DDBB}.AppStore|iPhone.Deploy.0 = Release|x86
		{7889AAF0-759C-4565-BE0D-8D9872E0DDBB}.AppStore|iPhoneSimulator.ActiveCfg = Release|x86
		{7889AAF0-759C-4565-BE0D-8D9872E0DDBB}.AppStore|iPhoneSimulator.Build.0 = Release|x86
		{7889AAF0-759C-4565-BE0D-8D9872E0DDBB}.AppStore|iPhoneSimulator.Deploy.0 = Release|x86
		{7889AAF0-759C-4565-BE0D-8D9872E0DDBB}.AppStore|x64.ActiveCfg = Release|x64
		{7889AAF0-759C-4565-BE0D-8D9872E0DDBB}.AppStore|x64.Build.0 = Release|x64
		{7889AAF0-759C-4565-BE0D-8D9872E0DDBB}.AppStore|x64.Deploy.0 = Release|x64
		{7889AAF0-759C-4565-BE0D-8D9872E0DDBB}.AppStore|x86.ActiveCfg = Release|x86
		{7889AAF0-759C-4565-BE0D-8D9872E0DDBB}.AppStore|x86.Build.0 = Release|x86
		{7889AAF0-759C-4565-BE0D-8D9872E0DDBB}.AppStore|x86.Deploy.0 = Release|x86
		{7889AAF0-759C-4565-BE0D-8D9872E0DDBB}.Debug|Any CPU.ActiveCfg = Debug|x86
		{7889AAF0-759C-4565-BE0D-8D9872E0DDBB}.Debug|ARM.ActiveCfg = Debug|ARM
		{7889AAF0-759C-4565-BE0D-8D9872E0DDBB}.Debug|ARM.Build.0 = Debug|ARM
		{7889AAF0-759C-4565-BE0D-8D9872E0DDBB}.Debug|ARM.Deploy.0 = Debug|ARM
		{7889AAF0-759C-4565-BE0D-8D9872E0DDBB}.Debug|iPhone.ActiveCfg = Debug|x86
		{7889AAF0-759C-4565-BE0D-8D9872E0DDBB}.Debug|iPhoneSimulator.ActiveCfg = Debug|x86
		{7889AAF0-759C-4565-BE0D-8D9872E0DDBB}.Debug|x64.ActiveCfg = Debug|x64
		{7889AAF0-759C-4565-BE0D-8D9872E0DDBB}.Debug|x64.Build.0 = Debug|x64
		{7889AAF0-759C-4565-BE0D-8D9872E0DDBB}.Debug|x64.Deploy.0 = Debug|x64
		{7889AAF0-759C-4565-BE0D-8D9872E0DDBB}.Debug|x86.ActiveCfg = Debug|x86
		{7889AAF0-759C-4565-BE0D-8D9872E0DDBB}.Debug|x86.Build.0 = Debug|x86
		{7889AAF0-759C-4565-BE0D-8D9872E0DDBB}.Debug|x86.Deploy.0 = Debug|x86
		{7889AAF0-759C-4565-BE0D-8D9872E0DDBB}.Release|Any CPU.ActiveCfg = Release|x86
		{7889AAF0-759C-4565-BE0D-8D9872E0DDBB}.Release|ARM.ActiveCfg = Release|ARM
		{7889AAF0-759C-4565-BE0D-8D9872E0DDBB}.Release|ARM.Build.0 = Release|ARM
		{7889AAF0-759C-4565-BE0D-8D9872E0DDBB}.Release|ARM.Deploy.0 = Release|ARM
		{7889AAF0-759C-4565-BE0D-8D9872E0DDBB}.Release|iPhone.ActiveCfg = Release|x86
		{7889AAF0-759C-4565-BE0D-8D9872E0DDBB}.Release|iPhoneSimulator.ActiveCfg = Release|x86
		{7889AAF0-759C-4565-BE0D-8D9872E0DDBB}.Release|x64.ActiveCfg = Release|x64
		{7889AAF0-759C-4565-BE0D-8D9872E0DDBB}.Release|x64.Build.0 = Release|x64
		{7889AAF0-759C-4565-BE0D-8D9872E0DDBB}.Release|x64.Deploy.0 = Release|x64
		{7889AAF0-759C-4565-BE0D-8D9872E0DDBB}.Release|x86.ActiveCfg = Release|x86
		{7889AAF0-759C-4565-BE0D-8D9872E0DDBB}.Release|x86.Build.0 = Release|x86
		{7889AAF0-759C-4565-BE0D-8D9872E0DDBB}.Release|x86.Deploy.0 = Release|x86
		{D31A29A5-430B-419E-A923-1893A1852676}.Ad-Hoc|Any CPU.ActiveCfg = Debug|Any CPU
		{D31A29A5-430B-419E-A923-1893A1852676}.Ad-Hoc|Any CPU.Build.0 = Debug|Any CPU
		{D31A29A5-430B-419E-A923-1893A1852676}.Ad-Hoc|ARM.ActiveCfg = Debug|Any CPU
		{D31A29A5-430B-419E-A923-1893A1852676}.Ad-Hoc|ARM.Build.0 = Debug|Any CPU
		{D31A29A5-430B-419E-A923-1893A1852676}.Ad-Hoc|iPhone.ActiveCfg = Debug|Any CPU
		{D31A29A5-430B-419E-A923-1893A1852676}.Ad-Hoc|iPhone.Build.0 = Debug|Any CPU
		{D31A29A5-430B-419E-A923-1893A1852676}.Ad-Hoc|iPhoneSimulator.ActiveCfg = Debug|Any CPU
		{D31A29A5-430B-419E-A923-1893A1852676}.Ad-Hoc|iPhoneSimulator.Build.0 = Debug|Any CPU
		{D31A29A5-430B-419E-A923-1893A1852676}.Ad-Hoc|x64.ActiveCfg = Debug|Any CPU
		{D31A29A5-430B-419E-A923-1893A1852676}.Ad-Hoc|x64.Build.0 = Debug|Any CPU
		{D31A29A5-430B-419E-A923-1893A1852676}.Ad-Hoc|x86.ActiveCfg = Debug|Any CPU
		{D31A29A5-430B-419E-A923-1893A1852676}.Ad-Hoc|x86.Build.0 = Debug|Any CPU
		{D31A29A5-430B-419E-A923-1893A1852676}.AppStore|Any CPU.ActiveCfg = Debug|Any CPU
		{D31A29A5-430B-419E-A923-1893A1852676}.AppStore|Any CPU.Build.0 = Debug|Any CPU
		{D31A29A5-430B-419E-A923-1893A1852676}.AppStore|ARM.ActiveCfg = Debug|Any CPU
		{D31A29A5-430B-419E-A923-1893A1852676}.AppStore|ARM.Build.0 = Debug|Any CPU
		{D31A29A5-430B-419E-A923-1893A1852676}.AppStore|iPhone.ActiveCfg = Debug|Any CPU
		{D31A29A5-430B-419E-A923-1893A1852676}.AppStore|iPhone.Build.0 = Debug|Any CPU
		{D31A29A5-430B-419E-A923-1893A1852676}.AppStore|iPhoneSimulator.ActiveCfg = Debug|Any CPU
		{D31A29A5-430B-419E-A923-1893A1852676}.AppStore|iPhoneSimulator.Build.0 = Debug|Any CPU
		{D31A29A5-430B-419E-A923-1893A1852676}.AppStore|x64.ActiveCfg = Debug|Any CPU
		{D31A29A5-430B-419E-A923-1893A1852676}.AppStore|x64.Build.0 = Debug|Any CPU
		{D31A29A5-430B-419E-A923-1893A1852676}.AppStore|x86.ActiveCfg = Debug|Any CPU
		{D31A29A5-430B-419E-A923-1893A1852676}.AppStore|x86.Build.0 = Debug|Any CPU
		{D31A29A5-430B-419E-A923-1893A1852676}.Debug|Any CPU.ActiveCfg = Debug|Any CPU
		{D31A29A5-430B-419E-A923-1893A1852676}.Debug|Any CPU.Build.0 = Debug|Any CPU
		{D31A29A5-430B-419E-A923-1893A1852676}.Debug|ARM.ActiveCfg = Debug|Any CPU
		{D31A29A5-430B-419E-A923-1893A1852676}.Debug|ARM.Build.0 = Debug|Any CPU
		{D31A29A5-430B-419E-A923-1893A1852676}.Debug|iPhone.ActiveCfg = Debug|Any CPU
		{D31A29A5-430B-419E-A923-1893A1852676}.Debug|iPhone.Build.0 = Debug|Any CPU
		{D31A29A5-430B-419E-A923-1893A1852676}.Debug|iPhoneSimulator.ActiveCfg = Debug|Any CPU
		{D31A29A5-430B-419E-A923-1893A1852676}.Debug|iPhoneSimulator.Build.0 = Debug|Any CPU
		{D31A29A5-430B-419E-A923-1893A1852676}.Debug|x64.ActiveCfg = Debug|Any CPU
		{D31A29A5-430B-419E-A923-1893A1852676}.Debug|x64.Build.0 = Debug|Any CPU
		{D31A29A5-430B-419E-A923-1893A1852676}.Debug|x86.ActiveCfg = Debug|Any CPU
		{D31A29A5-430B-419E-A923-1893A1852676}.Debug|x86.Build.0 = Debug|Any CPU
		{D31A29A5-430B-419E-A923-1893A1852676}.Release|Any CPU.ActiveCfg = Release|Any CPU
		{D31A29A5-430B-419E-A923-1893A1852676}.Release|Any CPU.Build.0 = Release|Any CPU
		{D31A29A5-430B-419E-A923-1893A1852676}.Release|ARM.ActiveCfg = Release|Any CPU
		{D31A29A5-430B-419E-A923-1893A1852676}.Release|ARM.Build.0 = Release|Any CPU
		{D31A29A5-430B-419E-A923-1893A1852676}.Release|iPhone.ActiveCfg = Release|Any CPU
		{D31A29A5-430B-419E-A923-1893A1852676}.Release|iPhone.Build.0 = Release|Any CPU
		{D31A29A5-430B-419E-A923-1893A1852676}.Release|iPhoneSimulator.ActiveCfg = Release|Any CPU
		{D31A29A5-430B-419E-A923-1893A1852676}.Release|iPhoneSimulator.Build.0 = Release|Any CPU
		{D31A29A5-430B-419E-A923-1893A1852676}.Release|x64.ActiveCfg = Release|Any CPU
		{D31A29A5-430B-419E-A923-1893A1852676}.Release|x64.Build.0 = Release|Any CPU
		{D31A29A5-430B-419E-A923-1893A1852676}.Release|x86.ActiveCfg = Release|Any CPU
		{D31A29A5-430B-419E-A923-1893A1852676}.Release|x86.Build.0 = Release|Any CPU
	EndGlobalSection
	GlobalSection(SolutionProperties) = preSolution
		HideSolutionNode = FALSE
	EndGlobalSection
	GlobalSection(ExtensibilityGlobals) = postSolution
		SolutionGuid = {F9CE1B15-A150-42C2-8577-0E4AE062BAE9}
	EndGlobalSection
EndGlobal
