
Microsoft Visual Studio Solution File, Format Version 12.00
# Visual Studio 15
VisualStudioVersion = 15.0.27703.2042
MinimumVisualStudioVersion = 10.0.40219.1
Project("{FAE04EC0-301F-11D3-BF4B-00C04F79EFBC}") = "DataFormMultipleSelection.Android", "DataFormMultipleSelection\Android\DataFormMultipleSelection.Android.csproj", "{83A62844-1F62-4BDF-B192-5CD37D51F72F}"
EndProject
Project("{FAE04EC0-301F-11D3-BF4B-00C04F79EFBC}") = "DataFormMultipleSelection.iOS", "DataFormMultipleSelection\iOS\DataFormMultipleSelection.iOS.csproj", "{EC84637C-0975-4F63-BADC-50767F05BF48}"
EndProject
Project("{FAE04EC0-301F-11D3-BF4B-00C04F79EFBC}") = "DataFormMultipleSelection.UWP", "DataFormMultipleSelection\UWP\DataFormMultipleSelection.UWP.csproj", "{70C99D1B-758B-4E9F-91E8-A21726E70A72}"
EndProject
Project("{FAE04EC0-301F-11D3-BF4B-00C04F79EFBC}") = "DataFormMultipleSelection.Portable", "DataFormMultipleSelection\Portable\DataFormMultipleSelection.Portable.csproj", "{69080CEF-C444-4608-B6EC-AD0DCD0A4E44}"
EndProject
Global
	GlobalSection(SolutionConfigurationPlatforms) = preSolution
		Ad-Hoc|Any CPU = Ad-Hoc|Any CPU
		Ad-Hoc|ARM = Ad-Hoc|ARM
		Ad-Hoc|iPhone = Ad-Hoc|iPhone
		Ad-Hoc|iPhoneSimulator = Ad-Hoc|iPhoneSimulator
		Ad-Hoc|x64 = Ad-Hoc|x64
		Ad-Hoc|x86 = Ad-Hoc|x86
		AppStore|Any CPU = AppStore|Any CPU
		AppStore|ARM = AppStore|ARM
		AppStore|iPhone = AppStore|iPhone
		AppStore|iPhoneSimulator = AppStore|iPhoneSimulator
		AppStore|x64 = AppStore|x64
		AppStore|x86 = AppStore|x86
		Debug|Any CPU = Debug|Any CPU
		Debug|ARM = Debug|ARM
		Debug|iPhone = Debug|iPhone
		Debug|iPhoneSimulator = Debug|iPhoneSimulator
		Debug|x64 = Debug|x64
		Debug|x86 = Debug|x86
		Release|Any CPU = Release|Any CPU
		Release|ARM = Release|ARM
		Release|iPhone = Release|iPhone
		Release|iPhoneSimulator = Release|iPhoneSimulator
		Release|x64 = Release|x64
		Release|x86 = Release|x86
	EndGlobalSection
	GlobalSection(ProjectConfigurationPlatforms) = postSolution
		{83A62844-1F62-4BDF-B192-5CD37D51F72F}.Ad-Hoc|Any CPU.ActiveCfg = Release|Any CPU
		{83A62844-1F62-4BDF-B192-5CD37D51F72F}.Ad-Hoc|Any CPU.Build.0 = Release|Any CPU
		{83A62844-1F62-4BDF-B192-5CD37D51F72F}.Ad-Hoc|Any CPU.Deploy.0 = Release|Any CPU
		{83A62844-1F62-4BDF-B192-5CD37D51F72F}.Ad-Hoc|ARM.ActiveCfg = Release|Any CPU
		{83A62844-1F62-4BDF-B192-5CD37D51F72F}.Ad-Hoc|ARM.Build.0 = Release|Any CPU
		{83A62844-1F62-4BDF-B192-5CD37D51F72F}.Ad-Hoc|ARM.Deploy.0 = Release|Any CPU
		{83A62844-1F62-4BDF-B192-5CD37D51F72F}.Ad-Hoc|iPhone.ActiveCfg = Release|Any CPU
		{83A62844-1F62-4BDF-B192-5CD37D51F72F}.Ad-Hoc|iPhone.Build.0 = Release|Any CPU
		{83A62844-1F62-4BDF-B192-5CD37D51F72F}.Ad-Hoc|iPhone.Deploy.0 = Release|Any CPU
		{83A62844-1F62-4BDF-B192-5CD37D51F72F}.Ad-Hoc|iPhoneSimulator.ActiveCfg = Release|Any CPU
		{83A62844-1F62-4BDF-B192-5CD37D51F72F}.Ad-Hoc|iPhoneSimulator.Build.0 = Release|Any CPU
		{83A62844-1F62-4BDF-B192-5CD37D51F72F}.Ad-Hoc|iPhoneSimulator.Deploy.0 = Release|Any CPU
		{83A62844-1F62-4BDF-B192-5CD37D51F72F}.Ad-Hoc|x64.ActiveCfg = Release|Any CPU
		{83A62844-1F62-4BDF-B192-5CD37D51F72F}.Ad-Hoc|x64.Build.0 = Release|Any CPU
		{83A62844-1F62-4BDF-B192-5CD37D51F72F}.Ad-Hoc|x64.Deploy.0 = Release|Any CPU
		{83A62844-1F62-4BDF-B192-5CD37D51F72F}.Ad-Hoc|x86.ActiveCfg = Release|Any CPU
		{83A62844-1F62-4BDF-B192-5CD37D51F72F}.Ad-Hoc|x86.Build.0 = Release|Any CPU
		{83A62844-1F62-4BDF-B192-5CD37D51F72F}.Ad-Hoc|x86.Deploy.0 = Release|Any CPU
		{83A62844-1F62-4BDF-B192-5CD37D51F72F}.AppStore|Any CPU.ActiveCfg = Release|Any CPU
		{83A62844-1F62-4BDF-B192-5CD37D51F72F}.AppStore|Any CPU.Build.0 = Release|Any CPU
		{83A62844-1F62-4BDF-B192-5CD37D51F72F}.AppStore|Any CPU.Deploy.0 = Release|Any CPU
		{83A62844-1F62-4BDF-B192-5CD37D51F72F}.AppStore|ARM.ActiveCfg = Release|Any CPU
		{83A62844-1F62-4BDF-B192-5CD37D51F72F}.AppStore|ARM.Build.0 = Release|Any CPU
		{83A62844-1F62-4BDF-B192-5CD37D51F72F}.AppStore|ARM.Deploy.0 = Release|Any CPU
		{83A62844-1F62-4BDF-B192-5CD37D51F72F}.AppStore|iPhone.ActiveCfg = Release|Any CPU
		{83A62844-1F62-4BDF-B192-5CD37D51F72F}.AppStore|iPhone.Build.0 = Release|Any CPU
		{83A62844-1F62-4BDF-B192-5CD37D51F72F}.AppStore|iPhone.Deploy.0 = Release|Any CPU
		{83A62844-1F62-4BDF-B192-5CD37D51F72F}.AppStore|iPhoneSimulator.ActiveCfg = Release|Any CPU
		{83A62844-1F62-4BDF-B192-5CD37D51F72F}.AppStore|iPhoneSimulator.Build.0 = Release|Any CPU
		{83A62844-1F62-4BDF-B192-5CD37D51F72F}.AppStore|iPhoneSimulator.Deploy.0 = Release|Any CPU
		{83A62844-1F62-4BDF-B192-5CD37D51F72F}.AppStore|x64.ActiveCfg = Release|Any CPU
		{83A62844-1F62-4BDF-B192-5CD37D51F72F}.AppStore|x64.Build.0 = Release|Any CPU
		{83A62844-1F62-4BDF-B192-5CD37D51F72F}.AppStore|x64.Deploy.0 = Release|Any CPU
		{83A62844-1F62-4BDF-B192-5CD37D51F72F}.AppStore|x86.ActiveCfg = Release|Any CPU
		{83A62844-1F62-4BDF-B192-5CD37D51F72F}.AppStore|x86.Build.0 = Release|Any CPU
		{83A62844-1F62-4BDF-B192-5CD37D51F72F}.AppStore|x86.Deploy.0 = Release|Any CPU
		{83A62844-1F62-4BDF-B192-5CD37D51F72F}.Debug|Any CPU.ActiveCfg = Debug|Any CPU
		{83A62844-1F62-4BDF-B192-5CD37D51F72F}.Debug|Any CPU.Build.0 = Debug|Any CPU
		{83A62844-1F62-4BDF-B192-5CD37D51F72F}.Debug|Any CPU.Deploy.0 = Debug|Any CPU
		{83A62844-1F62-4BDF-B192-5CD37D51F72F}.Debug|ARM.ActiveCfg = Debug|Any CPU
		{83A62844-1F62-4BDF-B192-5CD37D51F72F}.Debug|ARM.Build.0 = Debug|Any CPU
		{83A62844-1F62-4BDF-B192-5CD37D51F72F}.Debug|ARM.Deploy.0 = Debug|Any CPU
		{83A62844-1F62-4BDF-B192-5CD37D51F72F}.Debug|iPhone.ActiveCfg = Debug|Any CPU
		{83A62844-1F62-4BDF-B192-5CD37D51F72F}.Debug|iPhone.Build.0 = Debug|Any CPU
		{83A62844-1F62-4BDF-B192-5CD37D51F72F}.Debug|iPhone.Deploy.0 = Debug|Any CPU
		{83A62844-1F62-4BDF-B192-5CD37D51F72F}.Debug|iPhoneSimulator.ActiveCfg = Debug|Any CPU
		{83A62844-1F62-4BDF-B192-5CD37D51F72F}.Debug|iPhoneSimulator.Build.0 = Debug|Any CPU
		{83A62844-1F62-4BDF-B192-5CD37D51F72F}.Debug|iPhoneSimulator.Deploy.0 = Debug|Any CPU
		{83A62844-1F62-4BDF-B192-5CD37D51F72F}.Debug|x64.ActiveCfg = Debug|Any CPU
		{83A62844-1F62-4BDF-B192-5CD37D51F72F}.Debug|x64.Build.0 = Debug|Any CPU
		{83A62844-1F62-4BDF-B192-5CD37D51F72F}.Debug|x64.Deploy.0 = Debug|Any CPU
		{83A62844-1F62-4BDF-B192-5CD37D51F72F}.Debug|x86.ActiveCfg = Debug|Any CPU
		{83A62844-1F62-4BDF-B192-5CD37D51F72F}.Debug|x86.Build.0 = Debug|Any CPU
		{83A62844-1F62-4BDF-B192-5CD37D51F72F}.Debug|x86.Deploy.0 = Debug|Any CPU
		{83A62844-1F62-4BDF-B192-5CD37D51F72F}.Release|Any CPU.ActiveCfg = Release|Any CPU
		{83A62844-1F62-4BDF-B192-5CD37D51F72F}.Release|Any CPU.Build.0 = Release|Any CPU
		{83A62844-1F62-4BDF-B192-5CD37D51F72F}.Release|Any CPU.Deploy.0 = Release|Any CPU
		{83A62844-1F62-4BDF-B192-5CD37D51F72F}.Release|ARM.ActiveCfg = Release|Any CPU
		{83A62844-1F62-4BDF-B192-5CD37D51F72F}.Release|ARM.Build.0 = Release|Any CPU
		{83A62844-1F62-4BDF-B192-5CD37D51F72F}.Release|ARM.Deploy.0 = Release|Any CPU
		{83A62844-1F62-4BDF-B192-5CD37D51F72F}.Release|iPhone.ActiveCfg = Release|Any CPU
		{83A62844-1F62-4BDF-B192-5CD37D51F72F}.Release|iPhone.Build.0 = Release|Any CPU
		{83A62844-1F62-4BDF-B192-5CD37D51F72F}.Release|iPhone.Deploy.0 = Release|Any CPU
		{83A62844-1F62-4BDF-B192-5CD37D51F72F}.Release|iPhoneSimulator.ActiveCfg = Release|Any CPU
		{83A62844-1F62-4BDF-B192-5CD37D51F72F}.Release|iPhoneSimulator.Build.0 = Release|Any CPU
		{83A62844-1F62-4BDF-B192-5CD37D51F72F}.Release|iPhoneSimulator.Deploy.0 = Release|Any CPU
		{83A62844-1F62-4BDF-B192-5CD37D51F72F}.Release|x64.ActiveCfg = Release|Any CPU
		{83A62844-1F62-4BDF-B192-5CD37D51F72F}.Release|x64.Build.0 = Release|Any CPU
		{83A62844-1F62-4BDF-B192-5CD37D51F72F}.Release|x64.Deploy.0 = Release|Any CPU
		{83A62844-1F62-4BDF-B192-5CD37D51F72F}.Release|x86.ActiveCfg = Release|Any CPU
		{83A62844-1F62-4BDF-B192-5CD37D51F72F}.Release|x86.Build.0 = Release|Any CPU
		{83A62844-1F62-4BDF-B192-5CD37D51F72F}.Release|x86.Deploy.0 = Release|Any CPU
		{EC84637C-0975-4F63-BADC-50767F05BF48}.Ad-Hoc|Any CPU.ActiveCfg = Ad-Hoc|iPhone
		{EC84637C-0975-4F63-BADC-50767F05BF48}.Ad-Hoc|ARM.ActiveCfg = Ad-Hoc|iPhone
		{EC84637C-0975-4F63-BADC-50767F05BF48}.Ad-Hoc|iPhone.ActiveCfg = Ad-Hoc|iPhone
		{EC84637C-0975-4F63-BADC-50767F05BF48}.Ad-Hoc|iPhone.Build.0 = Ad-Hoc|iPhone
		{EC84637C-0975-4F63-BADC-50767F05BF48}.Ad-Hoc|iPhoneSimulator.ActiveCfg = Ad-Hoc|iPhoneSimulator
		{EC84637C-0975-4F63-BADC-50767F05BF48}.Ad-Hoc|iPhoneSimulator.Build.0 = Ad-Hoc|iPhoneSimulator
		{EC84637C-0975-4F63-BADC-50767F05BF48}.Ad-Hoc|x64.ActiveCfg = Ad-Hoc|iPhone
		{EC84637C-0975-4F63-BADC-50767F05BF48}.Ad-Hoc|x86.ActiveCfg = Ad-Hoc|iPhone
		{EC84637C-0975-4F63-BADC-50767F05BF48}.AppStore|Any CPU.ActiveCfg = AppStore|iPhone
		{EC84637C-0975-4F63-BADC-50767F05BF48}.AppStore|ARM.ActiveCfg = AppStore|iPhone
		{EC84637C-0975-4F63-BADC-50767F05BF48}.AppStore|iPhone.ActiveCfg = AppStore|iPhone
		{EC84637C-0975-4F63-BADC-50767F05BF48}.AppStore|iPhone.Build.0 = AppStore|iPhone
		{EC84637C-0975-4F63-BADC-50767F05BF48}.AppStore|iPhoneSimulator.ActiveCfg = AppStore|iPhoneSimulator
		{EC84637C-0975-4F63-BADC-50767F05BF48}.AppStore|iPhoneSimulator.Build.0 = AppStore|iPhoneSimulator
		{EC84637C-0975-4F63-BADC-50767F05BF48}.AppStore|x64.ActiveCfg = AppStore|iPhone
		{EC84637C-0975-4F63-BADC-50767F05BF48}.AppStore|x86.ActiveCfg = AppStore|iPhone
		{EC84637C-0975-4F63-BADC-50767F05BF48}.Debug|Any CPU.ActiveCfg = Debug|iPhone
		{EC84637C-0975-4F63-BADC-50767F05BF48}.Debug|ARM.ActiveCfg = Debug|iPhone
		{EC84637C-0975-4F63-BADC-50767F05BF48}.Debug|iPhone.ActiveCfg = Debug|iPhone
		{EC84637C-0975-4F63-BADC-50767F05BF48}.Debug|iPhone.Build.0 = Debug|iPhone
		{EC84637C-0975-4F63-BADC-50767F05BF48}.Debug|iPhoneSimulator.ActiveCfg = Debug|iPhoneSimulator
		{EC84637C-0975-4F63-BADC-50767F05BF48}.Debug|iPhoneSimulator.Build.0 = Debug|iPhoneSimulator
		{EC84637C-0975-4F63-BADC-50767F05BF48}.Debug|x64.ActiveCfg = Debug|iPhone
		{EC84637C-0975-4F63-BADC-50767F05BF48}.Debug|x86.ActiveCfg = Debug|iPhone
		{EC84637C-0975-4F63-BADC-50767F05BF48}.Release|Any CPU.ActiveCfg = Release|iPhone
		{EC84637C-0975-4F63-BADC-50767F05BF48}.Release|ARM.ActiveCfg = Release|iPhone
		{EC84637C-0975-4F63-BADC-50767F05BF48}.Release|iPhone.ActiveCfg = Release|iPhone
		{EC84637C-0975-4F63-BADC-50767F05BF48}.Release|iPhone.Build.0 = Release|iPhone
		{EC84637C-0975-4F63-BADC-50767F05BF48}.Release|iPhoneSimulator.ActiveCfg = Release|iPhoneSimulator
		{EC84637C-0975-4F63-BADC-50767F05BF48}.Release|iPhoneSimulator.Build.0 = Release|iPhoneSimulator
		{EC84637C-0975-4F63-BADC-50767F05BF48}.Release|x64.ActiveCfg = Release|iPhone
		{EC84637C-0975-4F63-BADC-50767F05BF48}.Release|x86.ActiveCfg = Release|iPhone
		{70C99D1B-758B-4E9F-91E8-A21726E70A72}.Ad-Hoc|Any CPU.ActiveCfg = Release|x86
		{70C99D1B-758B-4E9F-91E8-A21726E70A72}.Ad-Hoc|Any CPU.Build.0 = Release|x86
		{70C99D1B-758B-4E9F-91E8-A21726E70A72}.Ad-Hoc|Any CPU.Deploy.0 = Release|x86
		{70C99D1B-758B-4E9F-91E8-A21726E70A72}.Ad-Hoc|ARM.ActiveCfg = Release|ARM
		{70C99D1B-758B-4E9F-91E8-A21726E70A72}.Ad-Hoc|ARM.Build.0 = Release|ARM
		{70C99D1B-758B-4E9F-91E8-A21726E70A72}.Ad-Hoc|ARM.Deploy.0 = Release|ARM
		{70C99D1B-758B-4E9F-91E8-A21726E70A72}.Ad-Hoc|iPhone.ActiveCfg = Release|x86
		{70C99D1B-758B-4E9F-91E8-A21726E70A72}.Ad-Hoc|iPhone.Build.0 = Release|x86
		{70C99D1B-758B-4E9F-91E8-A21726E70A72}.Ad-Hoc|iPhone.Deploy.0 = Release|x86
		{70C99D1B-758B-4E9F-91E8-A21726E70A72}.Ad-Hoc|iPhoneSimulator.ActiveCfg = Release|x86
		{70C99D1B-758B-4E9F-91E8-A21726E70A72}.Ad-Hoc|iPhoneSimulator.Build.0 = Release|x86
		{70C99D1B-758B-4E9F-91E8-A21726E70A72}.Ad-Hoc|iPhoneSimulator.Deploy.0 = Release|x86
		{70C99D1B-758B-4E9F-91E8-A21726E70A72}.Ad-Hoc|x64.ActiveCfg = Release|x64
		{70C99D1B-758B-4E9F-91E8-A21726E70A72}.Ad-Hoc|x64.Build.0 = Release|x64
		{70C99D1B-758B-4E9F-91E8-A21726E70A72}.Ad-Hoc|x64.Deploy.0 = Release|x64
		{70C99D1B-758B-4E9F-91E8-A21726E70A72}.Ad-Hoc|x86.ActiveCfg = Release|x86
		{70C99D1B-758B-4E9F-91E8-A21726E70A72}.Ad-Hoc|x86.Build.0 = Release|x86
		{70C99D1B-758B-4E9F-91E8-A21726E70A72}.Ad-Hoc|x86.Deploy.0 = Release|x86
		{70C99D1B-758B-4E9F-91E8-A21726E70A72}.AppStore|Any CPU.ActiveCfg = Release|x86
		{70C99D1B-758B-4E9F-91E8-A21726E70A72}.AppStore|Any CPU.Build.0 = Release|x86
		{70C99D1B-758B-4E9F-91E8-A21726E70A72}.AppStore|Any CPU.Deploy.0 = Release|x86
		{70C99D1B-758B-4E9F-91E8-A21726E70A72}.AppStore|ARM.ActiveCfg = Release|ARM
		{70C99D1B-758B-4E9F-91E8-A21726E70A72}.AppStore|ARM.Build.0 = Release|ARM
		{70C99D1B-758B-4E9F-91E8-A21726E70A72}.AppStore|ARM.Deploy.0 = Release|ARM
		{70C99D1B-758B-4E9F-91E8-A21726E70A72}.AppStore|iPhone.ActiveCfg = Release|x86
		{70C99D1B-758B-4E9F-91E8-A21726E70A72}.AppStore|iPhone.Build.0 = Release|x86
		{70C99D1B-758B-4E9F-91E8-A21726E70A72}.AppStore|iPhone.Deploy.0 = Release|x86
		{70C99D1B-758B-4E9F-91E8-A21726E70A72}.AppStore|iPhoneSimulator.ActiveCfg = Release|x86
		{70C99D1B-758B-4E9F-91E8-A21726E70A72}.AppStore|iPhoneSimulator.Build.0 = Release|x86
		{70C99D1B-758B-4E9F-91E8-A21726E70A72}.AppStore|iPhoneSimulator.Deploy.0 = Release|x86
		{70C99D1B-758B-4E9F-91E8-A21726E70A72}.AppStore|x64.ActiveCfg = Release|x64
		{70C99D1B-758B-4E9F-91E8-A21726E70A72}.AppStore|x64.Build.0 = Release|x64
		{70C99D1B-758B-4E9F-91E8-A21726E70A72}.AppStore|x64.Deploy.0 = Release|x64
		{70C99D1B-758B-4E9F-91E8-A21726E70A72}.AppStore|x86.ActiveCfg = Release|x86
		{70C99D1B-758B-4E9F-91E8-A21726E70A72}.AppStore|x86.Build.0 = Release|x86
		{70C99D1B-758B-4E9F-91E8-A21726E70A72}.AppStore|x86.Deploy.0 = Release|x86
		{70C99D1B-758B-4E9F-91E8-A21726E70A72}.Debug|Any CPU.ActiveCfg = Debug|x86
		{70C99D1B-758B-4E9F-91E8-A21726E70A72}.Debug|ARM.ActiveCfg = Debug|ARM
		{70C99D1B-758B-4E9F-91E8-A21726E70A72}.Debug|ARM.Build.0 = Debug|ARM
		{70C99D1B-758B-4E9F-91E8-A21726E70A72}.Debug|ARM.Deploy.0 = Debug|ARM
		{70C99D1B-758B-4E9F-91E8-A21726E70A72}.Debug|iPhone.ActiveCfg = Debug|x86
		{70C99D1B-758B-4E9F-91E8-A21726E70A72}.Debug|iPhoneSimulator.ActiveCfg = Debug|x86
		{70C99D1B-758B-4E9F-91E8-A21726E70A72}.Debug|x64.ActiveCfg = Debug|x64
		{70C99D1B-758B-4E9F-91E8-A21726E70A72}.Debug|x64.Build.0 = Debug|x64
		{70C99D1B-758B-4E9F-91E8-A21726E70A72}.Debug|x64.Deploy.0 = Debug|x64
		{70C99D1B-758B-4E9F-91E8-A21726E70A72}.Debug|x86.ActiveCfg = Debug|x86
		{70C99D1B-758B-4E9F-91E8-A21726E70A72}.Debug|x86.Build.0 = Debug|x86
		{70C99D1B-758B-4E9F-91E8-A21726E70A72}.Debug|x86.Deploy.0 = Debug|x86
		{70C99D1B-758B-4E9F-91E8-A21726E70A72}.Release|Any CPU.ActiveCfg = Release|x86
		{70C99D1B-758B-4E9F-91E8-A21726E70A72}.Release|ARM.ActiveCfg = Release|ARM
		{70C99D1B-758B-4E9F-91E8-A21726E70A72}.Release|ARM.Build.0 = Release|ARM
		{70C99D1B-758B-4E9F-91E8-A21726E70A72}.Release|ARM.Deploy.0 = Release|ARM
		{70C99D1B-758B-4E9F-91E8-A21726E70A72}.Release|iPhone.ActiveCfg = Release|x86
		{70C99D1B-758B-4E9F-91E8-A21726E70A72}.Release|iPhoneSimulator.ActiveCfg = Release|x86
		{70C99D1B-758B-4E9F-91E8-A21726E70A72}.Release|x64.ActiveCfg = Release|x64
		{70C99D1B-758B-4E9F-91E8-A21726E70A72}.Release|x64.Build.0 = Release|x64
		{70C99D1B-758B-4E9F-91E8-A21726E70A72}.Release|x64.Deploy.0 = Release|x64
		{70C99D1B-758B-4E9F-91E8-A21726E70A72}.Release|x86.ActiveCfg = Release|x86
		{70C99D1B-758B-4E9F-91E8-A21726E70A72}.Release|x86.Build.0 = Release|x86
		{70C99D1B-758B-4E9F-91E8-A21726E70A72}.Release|x86.Deploy.0 = Release|x86
		{69080CEF-C444-4608-B6EC-AD0DCD0A4E44}.Ad-Hoc|Any CPU.ActiveCfg = Debug|Any CPU
		{69080CEF-C444-4608-B6EC-AD0DCD0A4E44}.Ad-Hoc|Any CPU.Build.0 = Debug|Any CPU
		{69080CEF-C444-4608-B6EC-AD0DCD0A4E44}.Ad-Hoc|ARM.ActiveCfg = Debug|Any CPU
		{69080CEF-C444-4608-B6EC-AD0DCD0A4E44}.Ad-Hoc|ARM.Build.0 = Debug|Any CPU
		{69080CEF-C444-4608-B6EC-AD0DCD0A4E44}.Ad-Hoc|iPhone.ActiveCfg = Debug|Any CPU
		{69080CEF-C444-4608-B6EC-AD0DCD0A4E44}.Ad-Hoc|iPhone.Build.0 = Debug|Any CPU
		{69080CEF-C444-4608-B6EC-AD0DCD0A4E44}.Ad-Hoc|iPhoneSimulator.ActiveCfg = Debug|Any CPU
		{69080CEF-C444-4608-B6EC-AD0DCD0A4E44}.Ad-Hoc|iPhoneSimulator.Build.0 = Debug|Any CPU
		{69080CEF-C444-4608-B6EC-AD0DCD0A4E44}.Ad-Hoc|x64.ActiveCfg = Debug|Any CPU
		{69080CEF-C444-4608-B6EC-AD0DCD0A4E44}.Ad-Hoc|x64.Build.0 = Debug|Any CPU
		{69080CEF-C444-4608-B6EC-AD0DCD0A4E44}.Ad-Hoc|x86.ActiveCfg = Debug|Any CPU
		{69080CEF-C444-4608-B6EC-AD0DCD0A4E44}.Ad-Hoc|x86.Build.0 = Debug|Any CPU
		{69080CEF-C444-4608-B6EC-AD0DCD0A4E44}.AppStore|Any CPU.ActiveCfg = Debug|Any CPU
		{69080CEF-C444-4608-B6EC-AD0DCD0A4E44}.AppStore|Any CPU.Build.0 = Debug|Any CPU
		{69080CEF-C444-4608-B6EC-AD0DCD0A4E44}.AppStore|ARM.ActiveCfg = Debug|Any CPU
		{69080CEF-C444-4608-B6EC-AD0DCD0A4E44}.AppStore|ARM.Build.0 = Debug|Any CPU
		{69080CEF-C444-4608-B6EC-AD0DCD0A4E44}.AppStore|iPhone.ActiveCfg = Debug|Any CPU
		{69080CEF-C444-4608-B6EC-AD0DCD0A4E44}.AppStore|iPhone.Build.0 = Debug|Any CPU
		{69080CEF-C444-4608-B6EC-AD0DCD0A4E44}.AppStore|iPhoneSimulator.ActiveCfg = Debug|Any CPU
		{69080CEF-C444-4608-B6EC-AD0DCD0A4E44}.AppStore|iPhoneSimulator.Build.0 = Debug|Any CPU
		{69080CEF-C444-4608-B6EC-AD0DCD0A4E44}.AppStore|x64.ActiveCfg = Debug|Any CPU
		{69080CEF-C444-4608-B6EC-AD0DCD0A4E44}.AppStore|x64.Build.0 = Debug|Any CPU
		{69080CEF-C444-4608-B6EC-AD0DCD0A4E44}.AppStore|x86.ActiveCfg = Debug|Any CPU
		{69080CEF-C444-4608-B6EC-AD0DCD0A4E44}.AppStore|x86.Build.0 = Debug|Any CPU
		{69080CEF-C444-4608-B6EC-AD0DCD0A4E44}.Debug|Any CPU.ActiveCfg = Debug|Any CPU
		{69080CEF-C444-4608-B6EC-AD0DCD0A4E44}.Debug|Any CPU.Build.0 = Debug|Any CPU
		{69080CEF-C444-4608-B6EC-AD0DCD0A4E44}.Debug|ARM.ActiveCfg = Debug|Any CPU
		{69080CEF-C444-4608-B6EC-AD0DCD0A4E44}.Debug|ARM.Build.0 = Debug|Any CPU
		{69080CEF-C444-4608-B6EC-AD0DCD0A4E44}.Debug|iPhone.ActiveCfg = Debug|Any CPU
		{69080CEF-C444-4608-B6EC-AD0DCD0A4E44}.Debug|iPhone.Build.0 = Debug|Any CPU
		{69080CEF-C444-4608-B6EC-AD0DCD0A4E44}.Debug|iPhoneSimulator.ActiveCfg = Debug|Any CPU
		{69080CEF-C444-4608-B6EC-AD0DCD0A4E44}.Debug|iPhoneSimulator.Build.0 = Debug|Any CPU
		{69080CEF-C444-4608-B6EC-AD0DCD0A4E44}.Debug|x64.ActiveCfg = Debug|Any CPU
		{69080CEF-C444-4608-B6EC-AD0DCD0A4E44}.Debug|x64.Build.0 = Debug|Any CPU
		{69080CEF-C444-4608-B6EC-AD0DCD0A4E44}.Debug|x86.ActiveCfg = Debug|Any CPU
		{69080CEF-C444-4608-B6EC-AD0DCD0A4E44}.Debug|x86.Build.0 = Debug|Any CPU
		{69080CEF-C444-4608-B6EC-AD0DCD0A4E44}.Release|Any CPU.ActiveCfg = Release|Any CPU
		{69080CEF-C444-4608-B6EC-AD0DCD0A4E44}.Release|Any CPU.Build.0 = Release|Any CPU
		{69080CEF-C444-4608-B6EC-AD0DCD0A4E44}.Release|ARM.ActiveCfg = Release|Any CPU
		{69080CEF-C444-4608-B6EC-AD0DCD0A4E44}.Release|ARM.Build.0 = Release|Any CPU
		{69080CEF-C444-4608-B6EC-AD0DCD0A4E44}.Release|iPhone.ActiveCfg = Release|Any CPU
		{69080CEF-C444-4608-B6EC-AD0DCD0A4E44}.Release|iPhone.Build.0 = Release|Any CPU
		{69080CEF-C444-4608-B6EC-AD0DCD0A4E44}.Release|iPhoneSimulator.ActiveCfg = Release|Any CPU
		{69080CEF-C444-4608-B6EC-AD0DCD0A4E44}.Release|iPhoneSimulator.Build.0 = Release|Any CPU
		{69080CEF-C444-4608-B6EC-AD0DCD0A4E44}.Release|x64.ActiveCfg = Release|Any CPU
		{69080CEF-C444-4608-B6EC-AD0DCD0A4E44}.Release|x64.Build.0 = Release|Any CPU
		{69080CEF-C444-4608-B6EC-AD0DCD0A4E44}.Release|x86.ActiveCfg = Release|Any CPU
		{69080CEF-C444-4608-B6EC-AD0DCD0A4E44}.Release|x86.Build.0 = Release|Any CPU
	EndGlobalSection
	GlobalSection(SolutionProperties) = preSolution
		HideSolutionNode = FALSE
	EndGlobalSection
	GlobalSection(ExtensibilityGlobals) = postSolution
		SolutionGuid = {E04BF815-98F4-46E7-957D-B62A8C4FD5F6}
	EndGlobalSection
EndGlobal
